// !$*UTF8*$!
{
	archiveVersion = 1;
	classes = {
	};
	objectVersion = 46;
	objects = {

/* Begin PBXBuildFile section */
		02B47AE5437FBD085029FB2D /* libPods-xinxinLove.a in Frameworks */ = {isa = PBXBuildFile; fileRef = A56168AE2BC952B7B4B4EF80 /* libPods-xinxinLove.a */; };
		5C9888621EEE6F9100CB6330 /* DispatchQueueManager.m in Sources */ = {isa = PBXBuildFile; fileRef = 5C9888611EEE6F9000CB6330 /* DispatchQueueManager.m */; };
		5CF5E2951E77C4A3008CE925 /* main.m in Sources */ = {isa = PBXBuildFile; fileRef = 5CF5E2941E77C4A3008CE925 /* main.m */; };
		5CF5E2981E77C4A3008CE925 /* AppDelegate.m in Sources */ = {isa = PBXBuildFile; fileRef = 5CF5E2971E77C4A3008CE925 /* AppDelegate.m */; };
		5CF5E29B1E77C4A3008CE925 /* ViewController.m in Sources */ = {isa = PBXBuildFile; fileRef = 5CF5E29A1E77C4A3008CE925 /* ViewController.m */; };
		5CF5E29E1E77C4A3008CE925 /* Main.storyboard in Resources */ = {isa = PBXBuildFile; fileRef = 5CF5E29C1E77C4A3008CE925 /* Main.storyboard */; };
		5CF5E2A01E77C4A3008CE925 /* Assets.xcassets in Resources */ = {isa = PBXBuildFile; fileRef = 5CF5E29F1E77C4A3008CE925 /* Assets.xcassets */; };
		5CF5E2A31E77C4A3008CE925 /* LaunchScreen.storyboard in Resources */ = {isa = PBXBuildFile; fileRef = 5CF5E2A11E77C4A3008CE925 /* LaunchScreen.storyboard */; };
		5CF5E2AE1E77C4A3008CE925 /* xinxinLoveTests.m in Sources */ = {isa = PBXBuildFile; fileRef = 5CF5E2AD1E77C4A3008CE925 /* xinxinLoveTests.m */; };
		5CF5E2B91E77C4A3008CE925 /* xinxinLoveUITests.m in Sources */ = {isa = PBXBuildFile; fileRef = 5CF5E2B81E77C4A3008CE925 /* xinxinLoveUITests.m */; };
		5CF5E2CB1E77E02E008CE925 /* ZLViewController.m in Sources */ = {isa = PBXBuildFile; fileRef = 5CF5E2C91E77E02E008CE925 /* ZLViewController.m */; };
		5CF5E2CC1E77E02E008CE925 /* ZLViewController.xib in Resources */ = {isa = PBXBuildFile; fileRef = 5CF5E2CA1E77E02E008CE925 /* ZLViewController.xib */; };
		B72B46B5B540AE48EA0A6A1E /* libPods-xinxinLoveUITests.a in Frameworks */ = {isa = PBXBuildFile; fileRef = 67D7578111050BDB50E6BD06 /* libPods-xinxinLoveUITests.a */; };
		E48DD25CC97E55DF85713BED /* libPods-xinxinLoveTests.a in Frameworks */ = {isa = PBXBuildFile; fileRef = 2D886BE85C649B45EEEC76C3 /* libPods-xinxinLoveTests.a */; };
/* End PBXBuildFile section */

/* Begin PBXContainerItemProxy section */
		5CF5E2AA1E77C4A3008CE925 /* PBXContainerItemProxy */ = {
			isa = PBXContainerItemProxy;
			containerPortal = 5CF5E2881E77C4A3008CE925 /* Project object */;
			proxyType = 1;
			remoteGlobalIDString = 5CF5E28F1E77C4A3008CE925;
			remoteInfo = xinxinLove;
		};
		5CF5E2B51E77C4A3008CE925 /* PBXContainerItemProxy */ = {
			isa = PBXContainerItemProxy;
			containerPortal = 5CF5E2881E77C4A3008CE925 /* Project object */;
			proxyType = 1;
			remoteGlobalIDString = 5CF5E28F1E77C4A3008CE925;
			remoteInfo = xinxinLove;
		};
/* End PBXContainerItemProxy section */

/* Begin PBXFileReference section */
		0D0744C296EC0B05AF426A67 /* Pods-xinxinLoveUITests.debug.xcconfig */ = {isa = PBXFileReference; includeInIndex = 1; lastKnownFileType = text.xcconfig; name = "Pods-xinxinLoveUITests.debug.xcconfig"; path = "Pods/Target Support Files/Pods-xinxinLoveUITests/Pods-xinxinLoveUITests.debug.xcconfig"; sourceTree = "<group>"; };
		2D886BE85C649B45EEEC76C3 /* libPods-xinxinLoveTests.a */ = {isa = PBXFileReference; explicitFileType = archive.ar; includeInIndex = 0; path = "libPods-xinxinLoveTests.a"; sourceTree = BUILT_PRODUCTS_DIR; };
		595F4166D9BACEDAA49E5F70 /* Pods-xinxinLove.debug.xcconfig */ = {isa = PBXFileReference; includeInIndex = 1; lastKnownFileType = text.xcconfig; name = "Pods-xinxinLove.debug.xcconfig"; path = "Pods/Target Support Files/Pods-xinxinLove/Pods-xinxinLove.debug.xcconfig"; sourceTree = "<group>"; };
		5C9888601EEE6F9000CB6330 /* DispatchQueueManager.h */ = {isa = PBXFileReference; fileEncoding = 4; lastKnownFileType = sourcecode.c.h; path = DispatchQueueManager.h; sourceTree = "<group>"; };
		5C9888611EEE6F9000CB6330 /* DispatchQueueManager.m */ = {isa = PBXFileReference; fileEncoding = 4; lastKnownFileType = sourcecode.c.objc; path = DispatchQueueManager.m; sourceTree = "<group>"; };
		5CF5E2901E77C4A3008CE925 /* xinxinLove.app */ = {isa = PBXFileReference; explicitFileType = wrapper.application; includeInIndex = 0; path = xinxinLove.app; sourceTree = BUILT_PRODUCTS_DIR; };
		5CF5E2941E77C4A3008CE925 /* main.m */ = {isa = PBXFileReference; lastKnownFileType = sourcecode.c.objc; path = main.m; sourceTree = "<group>"; };
		5CF5E2961E77C4A3008CE925 /* AppDelegate.h */ = {isa = PBXFileReference; lastKnownFileType = sourcecode.c.h; path = AppDelegate.h; sourceTree = "<group>"; };
		5CF5E2971E77C4A3008CE925 /* AppDelegate.m */ = {isa = PBXFileReference; lastKnownFileType = sourcecode.c.objc; path = AppDelegate.m; sourceTree = "<group>"; };
		5CF5E2991E77C4A3008CE925 /* ViewController.h */ = {isa = PBXFileReference; lastKnownFileType = sourcecode.c.h; path = ViewController.h; sourceTree = "<group>"; };
		5CF5E29A1E77C4A3008CE925 /* ViewController.m */ = {isa = PBXFileReference; lastKnownFileType = sourcecode.c.objc; path = ViewController.m; sourceTree = "<group>"; };
		5CF5E29D1E77C4A3008CE925 /* Base */ = {isa = PBXFileReference; lastKnownFileType = file.storyboard; name = Base; path = Base.lproj/Main.storyboard; sourceTree = "<group>"; };
		5CF5E29F1E77C4A3008CE925 /* Assets.xcassets */ = {isa = PBXFileReference; lastKnownFileType = folder.assetcatalog; path = Assets.xcassets; sourceTree = "<group>"; };
		5CF5E2A21E77C4A3008CE925 /* Base */ = {isa = PBXFileReference; lastKnownFileType = file.storyboard; name = Base; path = Base.lproj/LaunchScreen.storyboard; sourceTree = "<group>"; };
		5CF5E2A41E77C4A3008CE925 /* Info.plist */ = {isa = PBXFileReference; lastKnownFileType = text.plist.xml; path = Info.plist; sourceTree = "<group>"; };
		5CF5E2A91E77C4A3008CE925 /* xinxinLoveTests.xctest */ = {isa = PBXFileReference; explicitFileType = wrapper.cfbundle; includeInIndex = 0; path = xinxinLoveTests.xctest; sourceTree = BUILT_PRODUCTS_DIR; };
		5CF5E2AD1E77C4A3008CE925 /* xinxinLoveTests.m */ = {isa = PBXFileReference; lastKnownFileType = sourcecode.c.objc; path = xinxinLoveTests.m; sourceTree = "<group>"; };
		5CF5E2AF1E77C4A3008CE925 /* Info.plist */ = {isa = PBXFileReference; lastKnownFileType = text.plist.xml; path = Info.plist; sourceTree = "<group>"; };
		5CF5E2B41E77C4A3008CE925 /* xinxinLoveUITests.xctest */ = {isa = PBXFileReference; explicitFileType = wrapper.cfbundle; includeInIndex = 0; path = xinxinLoveUITests.xctest; sourceTree = BUILT_PRODUCTS_DIR; };
		5CF5E2B81E77C4A3008CE925 /* xinxinLoveUITests.m */ = {isa = PBXFileReference; lastKnownFileType = sourcecode.c.objc; path = xinxinLoveUITests.m; sourceTree = "<group>"; };
		5CF5E2BA1E77C4A3008CE925 /* Info.plist */ = {isa = PBXFileReference; lastKnownFileType = text.plist.xml; path = Info.plist; sourceTree = "<group>"; };
		5CF5E2C81E77E02E008CE925 /* ZLViewController.h */ = {isa = PBXFileReference; fileEncoding = 4; lastKnownFileType = sourcecode.c.h; path = ZLViewController.h; sourceTree = "<group>"; };
		5CF5E2C91E77E02E008CE925 /* ZLViewController.m */ = {isa = PBXFileReference; fileEncoding = 4; lastKnownFileType = sourcecode.c.objc; path = ZLViewController.m; sourceTree = "<group>"; };
		5CF5E2CA1E77E02E008CE925 /* ZLViewController.xib */ = {isa = PBXFileReference; fileEncoding = 4; lastKnownFileType = file.xib; path = ZLViewController.xib; sourceTree = "<group>"; };
		67D7578111050BDB50E6BD06 /* libPods-xinxinLoveUITests.a */ = {isa = PBXFileReference; explicitFileType = archive.ar; includeInIndex = 0; path = "libPods-xinxinLoveUITests.a"; sourceTree = BUILT_PRODUCTS_DIR; };
		8344D7AFAA5EDEDEE4118CFC /* Pods-xinxinLoveTests.debug.xcconfig */ = {isa = PBXFileReference; includeInIndex = 1; lastKnownFileType = text.xcconfig; name = "Pods-xinxinLoveTests.debug.xcconfig"; path = "Pods/Target Support Files/Pods-xinxinLoveTests/Pods-xinxinLoveTests.debug.xcconfig"; sourceTree = "<group>"; };
		A40F92B58675D968B6098347 /* Pods-xinxinLoveTests.release.xcconfig */ = {isa = PBXFileReference; includeInIndex = 1; lastKnownFileType = text.xcconfig; name = "Pods-xinxinLoveTests.release.xcconfig"; path = "Pods/Target Support Files/Pods-xinxinLoveTests/Pods-xinxinLoveTests.release.xcconfig"; sourceTree = "<group>"; };
		A56168AE2BC952B7B4B4EF80 /* libPods-xinxinLove.a */ = {isa = PBXFileReference; explicitFileType = archive.ar; includeInIndex = 0; path = "libPods-xinxinLove.a"; sourceTree = BUILT_PRODUCTS_DIR; };
		ACABA165107E04A0F380215E /* Pods-xinxinLove.release.xcconfig */ = {isa = PBXFileReference; includeInIndex = 1; lastKnownFileType = text.xcconfig; name = "Pods-xinxinLove.release.xcconfig"; path = "Pods/Target Support Files/Pods-xinxinLove/Pods-xinxinLove.release.xcconfig"; sourceTree = "<group>"; };
		E8F568ABDFA2BA7498C85970 /* Pods-xinxinLoveUITests.release.xcconfig */ = {isa = PBXFileReference; includeInIndex = 1; lastKnownFileType = text.xcconfig; name = "Pods-xinxinLoveUITests.release.xcconfig"; path = "Pods/Target Support Files/Pods-xinxinLoveUITests/Pods-xinxinLoveUITests.release.xcconfig"; sourceTree = "<group>"; };
/* End PBXFileReference section */

/* Begin PBXFrameworksBuildPhase section */
		5CF5E28D1E77C4A3008CE925 /* Frameworks */ = {
			isa = PBXFrameworksBuildPhase;
			buildActionMask = 2147483647;
			files = (
				02B47AE5437FBD085029FB2D /* libPods-xinxinLove.a in Frameworks */,
			);
			runOnlyForDeploymentPostprocessing = 0;
		};
		5CF5E2A61E77C4A3008CE925 /* Frameworks */ = {
			isa = PBXFrameworksBuildPhase;
			buildActionMask = 2147483647;
			files = (
				E48DD25CC97E55DF85713BED /* libPods-xinxinLoveTests.a in Frameworks */,
			);
			runOnlyForDeploymentPostprocessing = 0;
		};
		5CF5E2B11E77C4A3008CE925 /* Frameworks */ = {
			isa = PBXFrameworksBuildPhase;
			buildActionMask = 2147483647;
			files = (
				B72B46B5B540AE48EA0A6A1E /* libPods-xinxinLoveUITests.a in Frameworks */,
			);
			runOnlyForDeploymentPostprocessing = 0;
		};
/* End PBXFrameworksBuildPhase section */

/* Begin PBXGroup section */
		433029F8F254381710DE2DCF /* Frameworks */ = {
			isa = PBXGroup;
			children = (
				A56168AE2BC952B7B4B4EF80 /* libPods-xinxinLove.a */,
				2D886BE85C649B45EEEC76C3 /* libPods-xinxinLoveTests.a */,
				67D7578111050BDB50E6BD06 /* libPods-xinxinLoveUITests.a */,
			);
			name = Frameworks;
			sourceTree = "<group>";
		};
		5CF5E2871E77C4A3008CE925 = {
			isa = PBXGroup;
			children = (
				5CF5E2921E77C4A3008CE925 /* xinxinLove */,
				5CF5E2AC1E77C4A3008CE925 /* xinxinLoveTests */,
				5CF5E2B71E77C4A3008CE925 /* xinxinLoveUITests */,
				5CF5E2911E77C4A3008CE925 /* Products */,
				69040C93BD60D36E42A416AE /* Pods */,
				433029F8F254381710DE2DCF /* Frameworks */,
			);
			sourceTree = "<group>";
		};
		5CF5E2911E77C4A3008CE925 /* Products */ = {
			isa = PBXGroup;
			children = (
				5CF5E2901E77C4A3008CE925 /* xinxinLove.app */,
				5CF5E2A91E77C4A3008CE925 /* xinxinLoveTests.xctest */,
				5CF5E2B41E77C4A3008CE925 /* xinxinLoveUITests.xctest */,
			);
			name = Products;
			sourceTree = "<group>";
		};
		5CF5E2921E77C4A3008CE925 /* xinxinLove */ = {
			isa = PBXGroup;
			children = (
				5CF5E2961E77C4A3008CE925 /* AppDelegate.h */,
				5CF5E2971E77C4A3008CE925 /* AppDelegate.m */,
				5CF5E2991E77C4A3008CE925 /* ViewController.h */,
				5CF5E29A1E77C4A3008CE925 /* ViewController.m */,
				5CF5E29C1E77C4A3008CE925 /* Main.storyboard */,
				5CF5E29F1E77C4A3008CE925 /* Assets.xcassets */,
				5CF5E2A11E77C4A3008CE925 /* LaunchScreen.storyboard */,
				5CF5E2A41E77C4A3008CE925 /* Info.plist */,
				5CF5E2931E77C4A3008CE925 /* Supporting Files */,
				5CF5E2C81E77E02E008CE925 /* ZLViewController.h */,
				5CF5E2C91E77E02E008CE925 /* ZLViewController.m */,
				5CF5E2CA1E77E02E008CE925 /* ZLViewController.xib */,
				5C9888601EEE6F9000CB6330 /* DispatchQueueManager.h */,
				5C9888611EEE6F9000CB6330 /* DispatchQueueManager.m */,
			);
			path = xinxinLove;
			sourceTree = "<group>";
		};
		5CF5E2931E77C4A3008CE925 /* Supporting Files */ = {
			isa = PBXGroup;
			children = (
				5CF5E2941E77C4A3008CE925 /* main.m */,
			);
			name = "Supporting Files";
			sourceTree = "<group>";
		};
		5CF5E2AC1E77C4A3008CE925 /* xinxinLoveTests */ = {
			isa = PBXGroup;
			children = (
				5CF5E2AD1E77C4A3008CE925 /* xinxinLoveTests.m */,
				5CF5E2AF1E77C4A3008CE925 /* Info.plist */,
			);
			path = xinxinLoveTests;
			sourceTree = "<group>";
		};
		5CF5E2B71E77C4A3008CE925 /* xinxinLoveUITests */ = {
			isa = PBXGroup;
			children = (
				5CF5E2B81E77C4A3008CE925 /* xinxinLoveUITests.m */,
				5CF5E2BA1E77C4A3008CE925 /* Info.plist */,
			);
			path = xinxinLoveUITests;
			sourceTree = "<group>";
		};
		69040C93BD60D36E42A416AE /* Pods */ = {
			isa = PBXGroup;
			children = (
				595F4166D9BACEDAA49E5F70 /* Pods-xinxinLove.debug.xcconfig */,
				ACABA165107E04A0F380215E /* Pods-xinxinLove.release.xcconfig */,
				8344D7AFAA5EDEDEE4118CFC /* Pods-xinxinLoveTests.debug.xcconfig */,
				A40F92B58675D968B6098347 /* Pods-xinxinLoveTests.release.xcconfig */,
				0D0744C296EC0B05AF426A67 /* Pods-xinxinLoveUITests.debug.xcconfig */,
				E8F568ABDFA2BA7498C85970 /* Pods-xinxinLoveUITests.release.xcconfig */,
			);
			name = Pods;
			sourceTree = "<group>";
		};
/* End PBXGroup section */

/* Begin PBXNativeTarget section */
		5CF5E28F1E77C4A3008CE925 /* xinxinLove */ = {
			isa = PBXNativeTarget;
			buildConfigurationList = 5CF5E2BD1E77C4A3008CE925 /* Build configuration list for PBXNativeTarget "xinxinLove" */;
			buildPhases = (
				E204E8D7BACE206DB1DA0149 /* [CP] Check Pods Manifest.lock */,
				5CF5E28C1E77C4A3008CE925 /* Sources */,
				5CF5E28D1E77C4A3008CE925 /* Frameworks */,
				5CF5E28E1E77C4A3008CE925 /* Resources */,
				545FFCC1650968082798521F /* [CP] Embed Pods Frameworks */,
				A639C6FD9A9D232C4ECC8553 /* [CP] Copy Pods Resources */,
			);
			buildRules = (
			);
			dependencies = (
			);
			name = xinxinLove;
			productName = xinxinLove;
			productReference = 5CF5E2901E77C4A3008CE925 /* xinxinLove.app */;
			productType = "com.apple.product-type.application";
		};
		5CF5E2A81E77C4A3008CE925 /* xinxinLoveTests */ = {
			isa = PBXNativeTarget;
			buildConfigurationList = 5CF5E2C01E77C4A3008CE925 /* Build configuration list for PBXNativeTarget "xinxinLoveTests" */;
			buildPhases = (
				89C68F37E2A430B49857018B /* [CP] Check Pods Manifest.lock */,
				5CF5E2A51E77C4A3008CE925 /* Sources */,
				5CF5E2A61E77C4A3008CE925 /* Frameworks */,
				5CF5E2A71E77C4A3008CE925 /* Resources */,
				94F8CF26383BF719B1E4921D /* [CP] Embed Pods Frameworks */,
				D48D4D1B2A91CF2D6C95242B /* [CP] Copy Pods Resources */,
			);
			buildRules = (
			);
			dependencies = (
				5CF5E2AB1E77C4A3008CE925 /* PBXTargetDependency */,
			);
			name = xinxinLoveTests;
			productName = xinxinLoveTests;
			productReference = 5CF5E2A91E77C4A3008CE925 /* xinxinLoveTests.xctest */;
			productType = "com.apple.product-type.bundle.unit-test";
		};
		5CF5E2B31E77C4A3008CE925 /* xinxinLoveUITests */ = {
			isa = PBXNativeTarget;
			buildConfigurationList = 5CF5E2C31E77C4A3008CE925 /* Build configuration list for PBXNativeTarget "xinxinLoveUITests" */;
			buildPhases = (
				FB5C5673E145D13A9C589389 /* [CP] Check Pods Manifest.lock */,
				5CF5E2B01E77C4A3008CE925 /* Sources */,
				5CF5E2B11E77C4A3008CE925 /* Frameworks */,
				5CF5E2B21E77C4A3008CE925 /* Resources */,
				4583B4B16A1EC25F398228D5 /* [CP] Embed Pods Frameworks */,
				AE8A1984F5A4EDEEB30D91FC /* [CP] Copy Pods Resources */,
			);
			buildRules = (
			);
			dependencies = (
				5CF5E2B61E77C4A3008CE925 /* PBXTargetDependency */,
			);
			name = xinxinLoveUITests;
			productName = xinxinLoveUITests;
			productReference = 5CF5E2B41E77C4A3008CE925 /* xinxinLoveUITests.xctest */;
			productType = "com.apple.product-type.bundle.ui-testing";
		};
/* End PBXNativeTarget section */

/* Begin PBXProject section */
		5CF5E2881E77C4A3008CE925 /* Project object */ = {
			isa = PBXProject;
			attributes = {
				LastUpgradeCheck = 0820;
				ORGANIZATIONNAME = yuntong;
				TargetAttributes = {
					5CF5E28F1E77C4A3008CE925 = {
						CreatedOnToolsVersion = 8.2.1;
						DevelopmentTeam = P956ZH87BE;
						ProvisioningStyle = Automatic;
					};
					5CF5E2A81E77C4A3008CE925 = {
						CreatedOnToolsVersion = 8.2.1;
						ProvisioningStyle = Automatic;
						TestTargetID = 5CF5E28F1E77C4A3008CE925;
					};
					5CF5E2B31E77C4A3008CE925 = {
						CreatedOnToolsVersion = 8.2.1;
						ProvisioningStyle = Automatic;
						TestTargetID = 5CF5E28F1E77C4A3008CE925;
					};
				};
			};
			buildConfigurationList = 5CF5E28B1E77C4A3008CE925 /* Build configuration list for PBXProject "xinxinLove" */;
			compatibilityVersion = "Xcode 3.2";
			developmentRegion = English;
			hasScannedForEncodings = 0;
			knownRegions = (
				en,
				Base,
			);
			mainGroup = 5CF5E2871E77C4A3008CE925;
			productRefGroup = 5CF5E2911E77C4A3008CE925 /* Products */;
			projectDirPath = "";
			projectRoot = "";
			targets = (
				5CF5E28F1E77C4A3008CE925 /* xinxinLove */,
				5CF5E2A81E77C4A3008CE925 /* xinxinLoveTests */,
				5CF5E2B31E77C4A3008CE925 /* xinxinLoveUITests */,
			);
		};
/* End PBXProject section */

/* Begin PBXResourcesBuildPhase section */
		5CF5E28E1E77C4A3008CE925 /* Resources */ = {
			isa = PBXResourcesBuildPhase;
			buildActionMask = 2147483647;
			files = (
				5CF5E2A31E77C4A3008CE925 /* LaunchScreen.storyboard in Resources */,
				5CF5E2A01E77C4A3008CE925 /* Assets.xcassets in Resources */,
				5CF5E2CC1E77E02E008CE925 /* ZLViewController.xib in Resources */,
				5CF5E29E1E77C4A3008CE925 /* Main.storyboard in Resources */,
			);
			runOnlyForDeploymentPostprocessing = 0;
		};
		5CF5E2A71E77C4A3008CE925 /* Resources */ = {
			isa = PBXResourcesBuildPhase;
			buildActionMask = 2147483647;
			files = (
			);
			runOnlyForDeploymentPostprocessing = 0;
		};
		5CF5E2B21E77C4A3008CE925 /* Resources */ = {
			isa = PBXResourcesBuildPhase;
			buildActionMask = 2147483647;
			files = (
			);
			runOnlyForDeploymentPostprocessing = 0;
		};
/* End PBXResourcesBuildPhase section */

/* Begin PBXShellScriptBuildPhase section */
		4583B4B16A1EC25F398228D5 /* [CP] Embed Pods Frameworks */ = {
			isa = PBXShellScriptBuildPhase;
			buildActionMask = 2147483647;
			files = (
			);
			inputPaths = (
			);
			name = "[CP] Embed Pods Frameworks";
			outputPaths = (
			);
			runOnlyForDeploymentPostprocessing = 0;
			shellPath = /bin/sh;
			shellScript = "\"${SRCROOT}/Pods/Target Support Files/Pods-xinxinLoveUITests/Pods-xinxinLoveUITests-frameworks.sh\"\n";
			showEnvVarsInLog = 0;
		};
		545FFCC1650968082798521F /* [CP] Embed Pods Frameworks */ = {
			isa = PBXShellScriptBuildPhase;
			buildActionMask = 2147483647;
			files = (
			);
			inputPaths = (
			);
			name = "[CP] Embed Pods Frameworks";
			outputPaths = (
			);
			runOnlyForDeploymentPostprocessing = 0;
			shellPath = /bin/sh;
			shellScript = "\"${SRCROOT}/Pods/Target Support Files/Pods-xinxinLove/Pods-xinxinLove-frameworks.sh\"\n";
			showEnvVarsInLog = 0;
		};
		89C68F37E2A430B49857018B /* [CP] Check Pods Manifest.lock */ = {
			isa = PBXShellScriptBuildPhase;
			buildActionMask = 2147483647;
			files = (
			);
			inputPaths = (
			);
			name = "[CP] Check Pods Manifest.lock";
			outputPaths = (
			);
			runOnlyForDeploymentPostprocessing = 0;
			shellPath = /bin/sh;
			shellScript = "diff \"${PODS_ROOT}/../Podfile.lock\" \"${PODS_ROOT}/Manifest.lock\" > /dev/null\nif [ $? != 0 ] ; then\n    # print error to STDERR\n    echo \"error: The sandbox is not in sync with the Podfile.lock. Run 'pod install' or update your CocoaPods installation.\" >&2\n    exit 1\nfi\n";
			showEnvVarsInLog = 0;
		};
		94F8CF26383BF719B1E4921D /* [CP] Embed Pods Frameworks */ = {
			isa = PBXShellScriptBuildPhase;
			buildActionMask = 2147483647;
			files = (
			);
			inputPaths = (
			);
			name = "[CP] Embed Pods Frameworks";
			outputPaths = (
			);
			runOnlyForDeploymentPostprocessing = 0;
			shellPath = /bin/sh;
			shellScript = "\"${SRCROOT}/Pods/Target Support Files/Pods-xinxinLoveTests/Pods-xinxinLoveTests-frameworks.sh\"\n";
			showEnvVarsInLog = 0;
		};
		A639C6FD9A9D232C4ECC8553 /* [CP] Copy Pods Resources */ = {
			isa = PBXShellScriptBuildPhase;
			buildActionMask = 2147483647;
			files = (
			);
			inputPaths = (
			);
			name = "[CP] Copy Pods Resources";
			outputPaths = (
			);
			runOnlyForDeploymentPostprocessing = 0;
			shellPath = /bin/sh;
			shellScript = "\"${SRCROOT}/Pods/Target Support Files/Pods-xinxinLove/Pods-xinxinLove-resources.sh\"\n";
			showEnvVarsInLog = 0;
		};
		AE8A1984F5A4EDEEB30D91FC /* [CP] Copy Pods Resources */ = {
			isa = PBXShellScriptBuildPhase;
			buildActionMask = 2147483647;
			files = (
			);
			inputPaths = (
			);
			name = "[CP] Copy Pods Resources";
			outputPaths = (
			);
			runOnlyForDeploymentPostprocessing = 0;
			shellPath = /bin/sh;
			shellScript = "\"${SRCROOT}/Pods/Target Support Files/Pods-xinxinLoveUITests/Pods-xinxinLoveUITests-resources.sh\"\n";
			showEnvVarsInLog = 0;
		};
		D48D4D1B2A91CF2D6C95242B /* [CP] Copy Pods Resources */ = {
			isa = PBXShellScriptBuildPhase;
			buildActionMask = 2147483647;
			files = (
			);
			inputPaths = (
			);
			name = "[CP] Copy Pods Resources";
			outputPaths = (
			);
			runOnlyForDeploymentPostprocessing = 0;
			shellPath = /bin/sh;
			shellScript = "\"${SRCROOT}/Pods/Target Support Files/Pods-xinxinLoveTests/Pods-xinxinLoveTests-resources.sh\"\n";
			showEnvVarsInLog = 0;
		};
		E204E8D7BACE206DB1DA0149 /* [CP] Check Pods Manifest.lock */ = {
			isa = PBXShellScriptBuildPhase;
			buildActionMask = 2147483647;
			files = (
			);
			inputPaths = (
			);
			name = "[CP] Check Pods Manifest.lock";
			outputPaths = (
			);
			runOnlyForDeploymentPostprocessing = 0;
			shellPath = /bin/sh;
			shellScript = "diff \"${PODS_ROOT}/../Podfile.lock\" \"${PODS_ROOT}/Manifest.lock\" > /dev/null\nif [ $? != 0 ] ; then\n    # print error to STDERR\n    echo \"error: The sandbox is not in sync with the Podfile.lock. Run 'pod install' or update your CocoaPods installation.\" >&2\n    exit 1\nfi\n";
			showEnvVarsInLog = 0;
		};
		FB5C5673E145D13A9C589389 /* [CP] Check Pods Manifest.lock */ = {
			isa = PBXShellScriptBuildPhase;
			buildActionMask = 2147483647;
			files = (
			);
			inputPaths = (
			);
			name = "[CP] Check Pods Manifest.lock";
			outputPaths = (
			);
			runOnlyForDeploymentPostprocessing = 0;
			shellPath = /bin/sh;
			shellScript = "diff \"${PODS_ROOT}/../Podfile.lock\" \"${PODS_ROOT}/Manifest.lock\" > /dev/null\nif [ $? != 0 ] ; then\n    # print error to STDERR\n    echo \"error: The sandbox is not in sync with the Podfile.lock. Run 'pod install' or update your CocoaPods installation.\" >&2\n    exit 1\nfi\n";
			showEnvVarsInLog = 0;
		};
/* End PBXShellScriptBuildPhase section */

/* Begin PBXSourcesBuildPhase section */
		5CF5E28C1E77C4A3008CE925 /* Sources */ = {
			isa = PBXSourcesBuildPhase;
			buildActionMask = 2147483647;
			files = (
				5CF5E29B1E77C4A3008CE925 /* ViewController.m in Sources */,
				5C9888621EEE6F9100CB6330 /* DispatchQueueManager.m in Sources */,
				5CF5E2981E77C4A3008CE925 /* AppDelegate.m in Sources */,
				5CF5E2CB1E77E02E008CE925 /* ZLViewController.m in Sources */,
				5CF5E2951E77C4A3008CE925 /* main.m in Sources */,
			);
			runOnlyForDeploymentPostprocessing = 0;
		};
		5CF5E2A51E77C4A3008CE925 /* Sources */ = {
			isa = PBXSourcesBuildPhase;
			buildActionMask = 2147483647;
			files = (
				5CF5E2AE1E77C4A3008CE925 /* xinxinLoveTests.m in Sources */,
			);
			runOnlyForDeploymentPostprocessing = 0;
		};
		5CF5E2B01E77C4A3008CE925 /* Sources */ = {
			isa = PBXSourcesBuildPhase;
			buildActionMask = 2147483647;
			files = (
				5CF5E2B91E77C4A3008CE925 /* xinxinLoveUITests.m in Sources */,
			);
			runOnlyForDeploymentPostprocessing = 0;
		};
/* End PBXSourcesBuildPhase section */

/* Begin PBXTargetDependency section */
		5CF5E2AB1E77C4A3008CE925 /* PBXTargetDependency */ = {
			isa = PBXTargetDependency;
			target = 5CF5E28F1E77C4A3008CE925 /* xinxinLove */;
			targetProxy = 5CF5E2AA1E77C4A3008CE925 /* PBXContainerItemProxy */;
		};
		5CF5E2B61E77C4A3008CE925 /* PBXTargetDependency */ = {
			isa = PBXTargetDependency;
			target = 5CF5E28F1E77C4A3008CE925 /* xinxinLove */;
			targetProxy = 5CF5E2B51E77C4A3008CE925 /* PBXContainerItemProxy */;
		};
/* End PBXTargetDependency section */

/* Begin PBXVariantGroup section */
		5CF5E29C1E77C4A3008CE925 /* Main.storyboard */ = {
			isa = PBXVariantGroup;
			children = (
				5CF5E29D1E77C4A3008CE925 /* Base */,
			);
			name = Main.storyboard;
			sourceTree = "<group>";
		};
		5CF5E2A11E77C4A3008CE925 /* LaunchScreen.storyboard */ = {
			isa = PBXVariantGroup;
			children = (
				5CF5E2A21E77C4A3008CE925 /* Base */,
			);
			name = LaunchScreen.storyboard;
			sourceTree = "<group>";
		};
/* End PBXVariantGroup section */

/* Begin XCBuildConfiguration section */
		5CF5E2BB1E77C4A3008CE925 /* Debug */ = {
			isa = XCBuildConfiguration;
			buildSettings = {
				ALWAYS_SEARCH_USER_PATHS = NO;
				CLANG_ANALYZER_NONNULL = YES;
				CLANG_CXX_LANGUAGE_STANDARD = "gnu++0x";
				CLANG_CXX_LIBRARY = "libc++";
				CLANG_ENABLE_MODULES = YES;
				CLANG_ENABLE_OBJC_ARC = YES;
				CLANG_WARN_BOOL_CONVERSION = YES;
				CLANG_WARN_CONSTANT_CONVERSION = YES;
				CLANG_WARN_DIRECT_OBJC_ISA_USAGE = YES_ERROR;
				CLANG_WARN_DOCUMENTATION_COMMENTS = YES;
				CLANG_WARN_EMPTY_BODY = YES;
				CLANG_WARN_ENUM_CONVERSION = YES;
				CLANG_WARN_INFINITE_RECURSION = YES;
				CLANG_WARN_INT_CONVERSION = YES;
				CLANG_WARN_OBJC_ROOT_CLASS = YES_ERROR;
				CLANG_WARN_SUSPICIOUS_MOVE = YES;
				CLANG_WARN_UNREACHABLE_CODE = YES;
				CLANG_WARN__DUPLICATE_METHOD_MATCH = YES;
				"CODE_SIGN_IDENTITY[sdk=iphoneos*]" = "iPhone Developer";
				COPY_PHASE_STRIP = NO;
				DEBUG_INFORMATION_FORMAT = dwarf;
				ENABLE_STRICT_OBJC_MSGSEND = YES;
				ENABLE_TESTABILITY = YES;
				GCC_C_LANGUAGE_STANDARD = gnu99;
				GCC_DYNAMIC_NO_PIC = NO;
				GCC_NO_COMMON_BLOCKS = YES;
				GCC_OPTIMIZATION_LEVEL = 0;
				GCC_PREPROCESSOR_DEFINITIONS = (
					"DEBUG=1",
					"$(inherited)",
				);
				GCC_WARN_64_TO_32_BIT_CONVERSION = YES;
				GCC_WARN_ABOUT_RETURN_TYPE = YES_ERROR;
				GCC_WARN_UNDECLARED_SELECTOR = YES;
				GCC_WARN_UNINITIALIZED_AUTOS = YES_AGGRESSIVE;
				GCC_WARN_UNUSED_FUNCTION = YES;
				GCC_WARN_UNUSED_VARIABLE = YES;
				IPHONEOS_DEPLOYMENT_TARGET = 10.2;
				MTL_ENABLE_DEBUG_INFO = YES;
				ONLY_ACTIVE_ARCH = YES;
				SDKROOT = iphoneos;
				TARGETED_DEVICE_FAMILY = "1,2";
			};
			name = Debug;
		};
		5CF5E2BC1E77C4A3008CE925 /* Release */ = {
			isa = XCBuildConfiguration;
			buildSettings = {
				ALWAYS_SEARCH_USER_PATHS = NO;
				CLANG_ANALYZER_NONNULL = YES;
				CLANG_CXX_LANGUAGE_STANDARD = "gnu++0x";
				CLANG_CXX_LIBRARY = "libc++";
				CLANG_ENABLE_MODULES = YES;
				CLANG_ENABLE_OBJC_ARC = YES;
				CLANG_WARN_BOOL_CONVERSION = YES;
				CLANG_WARN_CONSTANT_CONVERSION = YES;
				CLANG_WARN_DIRECT_OBJC_ISA_USAGE = YES_ERROR;
				CLANG_WARN_DOCUMENTATION_COMMENTS = YES;
				CLANG_WARN_EMPTY_BODY = YES;
				CLANG_WARN_ENUM_CONVERSION = YES;
				CLANG_WARN_INFINITE_RECURSION = YES;
				CLANG_WARN_INT_CONVERSION = YES;
				CLANG_WARN_OBJC_ROOT_CLASS = YES_ERROR;
				CLANG_WARN_SUSPICIOUS_MOVE = YES;
				CLANG_WARN_UNREACHABLE_CODE = YES;
				CLANG_WARN__DUPLICATE_METHOD_MATCH = YES;
				"CODE_SIGN_IDENTITY[sdk=iphoneos*]" = "iPhone Developer";
				COPY_PHASE_STRIP = NO;
				DEBUG_INFORMATION_FORMAT = "dwarf-with-dsym";
				ENABLE_NS_ASSERTIONS = NO;
				ENABLE_STRICT_OBJC_MSGSEND = YES;
				GCC_C_LANGUAGE_STANDARD = gnu99;
				GCC_NO_COMMON_BLOCKS = YES;
				GCC_WARN_64_TO_32_BIT_CONVERSION = YES;
				GCC_WARN_ABOUT_RETURN_TYPE = YES_ERROR;
				GCC_WARN_UNDECLARED_SELECTOR = YES;
				GCC_WARN_UNINITIALIZED_AUTOS = YES_AGGRESSIVE;
				GCC_WARN_UNUSED_FUNCTION = YES;
				GCC_WARN_UNUSED_VARIABLE = YES;
				IPHONEOS_DEPLOYMENT_TARGET = 10.2;
				MTL_ENABLE_DEBUG_INFO = NO;
				SDKROOT = iphoneos;
				TARGETED_DEVICE_FAMILY = "1,2";
				VALIDATE_PRODUCT = YES;
			};
			name = Release;
		};
		5CF5E2BE1E77C4A3008CE925 /* Debug */ = {
			isa = XCBuildConfiguration;
			baseConfigurationReference = 595F4166D9BACEDAA49E5F70 /* Pods-xinxinLove.debug.xcconfig */;
			buildSettings = {
				ASSETCATALOG_COMPILER_APPICON_NAME = AppIcon;
				DEVELOPMENT_TEAM = P956ZH87BE;
				INFOPLIST_FILE = xinxinLove/Info.plist;
				LD_RUNPATH_SEARCH_PATHS = "$(inherited) @executable_path/Frameworks";
				PRODUCT_BUNDLE_IDENTIFIER = test.xinxinLove;
				PRODUCT_NAME = "$(TARGET_NAME)";
			};
			name = Debug;
		};
		5CF5E2BF1E77C4A3008CE925 /* Release */ = {
			isa = XCBuildConfiguration;
			baseConfigurationReference = ACABA165107E04A0F380215E /* Pods-xinxinLove.release.xcconfig */;
			buildSettings = {
				ASSETCATALOG_COMPILER_APPICON_NAME = AppIcon;
				DEVELOPMENT_TEAM = P956ZH87BE;
				INFOPLIST_FILE = xinxinLove/Info.plist;
				LD_RUNPATH_SEARCH_PATHS = "$(inherited) @executable_path/Frameworks";
				PRODUCT_BUNDLE_IDENTIFIER = test.xinxinLove;
				PRODUCT_NAME = "$(TARGET_NAME)";
			};
			name = Release;
		};
		5CF5E2C11E77C4A3008CE925 /* Debug */ = {
			isa = XCBuildConfiguration;
			baseConfigurationReference = 8344D7AFAA5EDEDEE4118CFC /* Pods-xinxinLoveTests.debug.xcconfig */;
			buildSettings = {
				BUNDLE_LOADER = "$(TEST_HOST)";
				INFOPLIST_FILE = xinxinLoveTests/Info.plist;
				LD_RUNPATH_SEARCH_PATHS = "$(inherited) @executable_path/Frameworks @loader_path/Frameworks";
				PRODUCT_BUNDLE_IDENTIFIER = test.xinxinLoveTests;
				PRODUCT_NAME = "$(TARGET_NAME)";
				TEST_HOST = "$(BUILT_PRODUCTS_DIR)/xinxinLove.app/xinxinLove";
			};
			name = Debug;
		};
		5CF5E2C21E77C4A3008CE925 /* Release */ = {
			isa = XCBuildConfiguration;
			baseConfigurationReference = A40F92B58675D968B6098347 /* Pods-xinxinLoveTests.release.xcconfig */;
			buildSettings = {
				BUNDLE_LOADER = "$(TEST_HOST)";
				INFOPLIST_FILE = xinxinLoveTests/Info.plist;
				LD_RUNPATH_SEARCH_PATHS = "$(inherited) @executable_path/Frameworks @loader_path/Frameworks";
				PRODUCT_BUNDLE_IDENTIFIER = test.xinxinLoveTests;
				PRODUCT_NAME = "$(TARGET_NAME)";
				TEST_HOST = "$(BUILT_PRODUCTS_DIR)/xinxinLove.app/xinxinLove";
			};
			name = Release;
		};
		5CF5E2C41E77C4A3008CE925 /* Debug */ = {
			isa = XCBuildConfiguration;
			baseConfigurationReference = 0D0744C296EC0B05AF426A67 /* Pods-xinxinLoveUITests.debug.xcconfig */;
			buildSettings = {
				INFOPLIST_FILE = xinxinLoveUITests/Info.plist;
				LD_RUNPATH_SEARCH_PATHS = "$(inherited) @executable_path/Frameworks @loader_path/Frameworks";
				PRODUCT_BUNDLE_IDENTIFIER = test.xinxinLoveUITests;
				PRODUCT_NAME = "$(TARGET_NAME)";
				TEST_TARGET_NAME = xinxinLove;
			};
			name = Debug;
		};
		5CF5E2C51E77C4A3008CE925 /* Release */ = {
			isa = XCBuildConfiguration;
			baseConfigurationReference = E8F568ABDFA2BA7498C85970 /* Pods-xinxinLoveUITests.release.xcconfig */;
			buildSettings = {
				INFOPLIST_FILE = xinxinLoveUITests/Info.plist;
				LD_RUNPATH_SEARCH_PATHS = "$(inherited) @executable_path/Frameworks @loader_path/Frameworks";
				PRODUCT_BUNDLE_IDENTIFIER = test.xinxinLoveUITests;
				PRODUCT_NAME = "$(TARGET_NAME)";
				TEST_TARGET_NAME = xinxinLove;
			};
			name = Release;
		};
/* End XCBuildConfiguration section */

/* Begin XCConfigurationList section */
		5CF5E28B1E77C4A3008CE925 /* Build configuration list for PBXProject "xinxinLove" */ = {
			isa = XCConfigurationList;
			buildConfigurations = (
				5CF5E2BB1E77C4A3008CE925 /* Debug */,
				5CF5E2BC1E77C4A3008CE925 /* Release */,
			);
			defaultConfigurationIsVisible = 0;
			defaultConfigurationName = Release;
		};
		5CF5E2BD1E77C4A3008CE925 /* Build configuration list for PBXNativeTarget "xinxinLove" */ = {
			isa = XCConfigurationList;
			buildConfigurations = (
				5CF5E2BE1E77C4A3008CE925 /* Debug */,
				5CF5E2BF1E77C4A3008CE925 /* Release */,
			);
			defaultConfigurationIsVisible = 0;
			defaultConfigurationName = Release;
		};
		5CF5E2C01E77C4A3008CE925 /* Build configuration list for PBXNativeTarget "xinxinLoveTests" */ = {
			isa = XCConfigurationList;
			buildConfigurations = (
				5CF5E2C11E77C4A3008CE925 /* Debug */,
				5CF5E2C21E77C4A3008CE925 /* Release */,
			);
			defaultConfigurationIsVisible = 0;
			defaultConfigurationName = Release;
		};
		5CF5E2C31E77C4A3008CE925 /* Build configuration list for PBXNativeTarget "xinxinLoveUITests" */ = {
			isa = XCConfigurationList;
			buildConfigurations = (
				5CF5E2C41E77C4A3008CE925 /* Debug */,
				5CF5E2C51E77C4A3008CE925 /* Release */,
			);
			defaultConfigurationIsVisible = 0;
			defaultConfigurationName = Release;
		};
/* End XCConfigurationList section */
	};
	rootObject = 5CF5E2881E77C4A3008CE925 /* Project object */;
}
